
Microsoft Visual Studio Solution File, Format Version 12.00
# Visual Studio Version 17
VisualStudioVersion = 17.9.34902.65
MinimumVisualStudioVersion = 10.0.40219.1
Project("{FAE04EC0-301F-11D3-BF4B-00C04F79EFBC}") = "TRY1 Product", "TRY1\TRY1 Product.csproj", "{8A547CE5-5F12-4AE7-B3D4-0536C1AD6682}"
EndProject
Project("{FAE04EC0-301F-11D3-BF4B-00C04F79EFBC}") = "TRY2 Rainbow", "TRY2\TRY2 Rainbow.csproj", "{25FDC46C-A415-4DDF-A6D5-7DB303AA0812}"
EndProject
Project("{FAE04EC0-301F-11D3-BF4B-00C04F79EFBC}") = "try1otherdowhile", "try1otherdowhile\try1otherdowhile.csproj", "{DE795211-F7EA-4728-81BE-40C04D3ABAC8}"
EndProject
Global
	GlobalSection(SolutionConfigurationPlatforms) = preSolution
		Debug|Any CPU = Debug|Any CPU
		Release|Any CPU = Release|Any CPU
	EndGlobalSection
	GlobalSection(ProjectConfigurationPlatforms) = postSolution
		{8A547CE5-5F12-4AE7-B3D4-0536C1AD6682}.Debug|Any CPU.ActiveCfg = Debug|Any CPU
		{8A547CE5-5F12-4AE7-B3D4-0536C1AD6682}.Debug|Any CPU.Build.0 = Debug|Any CPU
		{8A547CE5-5F12-4AE7-B3D4-0536C1AD6682}.Release|Any CPU.ActiveCfg = Release|Any CPU
		{8A547CE5-5F12-4AE7-B3D4-0536C1AD6682}.Release|Any CPU.Build.0 = Release|Any CPU
		{25FDC46C-A415-4DDF-A6D5-7DB303AA0812}.Debug|Any CPU.ActiveCfg = Debug|Any CPU
		{25FDC46C-A415-4DDF-A6D5-7DB303AA0812}.Debug|Any CPU.Build.0 = Debug|Any CPU
		{25FDC46C-A415-4DDF-A6D5-7DB303AA0812}.Release|Any CPU.ActiveCfg = Release|Any CPU
		{25FDC46C-A415-4DDF-A6D5-7DB303AA0812}.Release|Any CPU.Build.0 = Release|Any CPU
		{DE795211-F7EA-4728-81BE-40C04D3ABAC8}.Debug|Any CPU.ActiveCfg = Debug|Any CPU
		{DE795211-F7EA-4728-81BE-40C04D3ABAC8}.Debug|Any CPU.Build.0 = Debug|Any CPU
		{DE795211-F7EA-4728-81BE-40C04D3ABAC8}.Release|Any CPU.ActiveCfg = Release|Any CPU
		{DE795211-F7EA-4728-81BE-40C04D3ABAC8}.Release|Any CPU.Build.0 = Release|Any CPU
	EndGlobalSection
	GlobalSection(SolutionProperties) = preSolution
		HideSolutionNode = FALSE
	EndGlobalSection
	GlobalSection(ExtensibilityGlobals) = postSolution
		SolutionGuid = {C3F4E641-3E8F-4EA6-B4AC-5B707673C07D}
	EndGlobalSection
EndGlobal
